
Microsoft Visual Studio Solution File, Format Version 12.00
# Visual Studio 15
VisualStudioVersion = 15.0.26124.0
MinimumVisualStudioVersion = 15.0.26124.0
Project("{FAE04EC0-301F-11D3-BF4B-00C04F79EFBC}") = "ComercioLocal.Api", "ComercioLocal.Api\ComercioLocal.Api.csproj", "{30FBA39B-5DDC-4331-9203-52A205EC12AC}"
EndProject
Project("{FAE04EC0-301F-11D3-BF4B-00C04F79EFBC}") = "ComercioLocal.Infra", "ComercioLocal.Infra\ComercioLocal.Infra.csproj", "{D4F4935E-875D-4EAC-A7EE-838315224099}"
EndProject
Project("{FAE04EC0-301F-11D3-BF4B-00C04F79EFBC}") = "ComercioLocal.Domain", "ComercioLocal.Domain\ComercioLocal.Domain.csproj", "{65BEF839-B11E-4ECF-8F2F-D8C65B905A35}"
EndProject
Global
	GlobalSection(SolutionConfigurationPlatforms) = preSolution
		Debug|Any CPU = Debug|Any CPU
		Debug|x64 = Debug|x64
		Debug|x86 = Debug|x86
		Release|Any CPU = Release|Any CPU
		Release|x64 = Release|x64
		Release|x86 = Release|x86
	EndGlobalSection
	GlobalSection(SolutionProperties) = preSolution
		HideSolutionNode = FALSE
	EndGlobalSection
	GlobalSection(ProjectConfigurationPlatforms) = postSolution
		{30FBA39B-5DDC-4331-9203-52A205EC12AC}.Debug|Any CPU.ActiveCfg = Debug|Any CPU
		{30FBA39B-5DDC-4331-9203-52A205EC12AC}.Debug|Any CPU.Build.0 = Debug|Any CPU
		{30FBA39B-5DDC-4331-9203-52A205EC12AC}.Debug|x64.ActiveCfg = Debug|Any CPU
		{30FBA39B-5DDC-4331-9203-52A205EC12AC}.Debug|x64.Build.0 = Debug|Any CPU
		{30FBA39B-5DDC-4331-9203-52A205EC12AC}.Debug|x86.ActiveCfg = Debug|Any CPU
		{30FBA39B-5DDC-4331-9203-52A205EC12AC}.Debug|x86.Build.0 = Debug|Any CPU
		{30FBA39B-5DDC-4331-9203-52A205EC12AC}.Release|Any CPU.ActiveCfg = Release|Any CPU
		{30FBA39B-5DDC-4331-9203-52A205EC12AC}.Release|Any CPU.Build.0 = Release|Any CPU
		{30FBA39B-5DDC-4331-9203-52A205EC12AC}.Release|x64.ActiveCfg = Release|Any CPU
		{30FBA39B-5DDC-4331-9203-52A205EC12AC}.Release|x64.Build.0 = Release|Any CPU
		{30FBA39B-5DDC-4331-9203-52A205EC12AC}.Release|x86.ActiveCfg = Release|Any CPU
		{30FBA39B-5DDC-4331-9203-52A205EC12AC}.Release|x86.Build.0 = Release|Any CPU
		{D4F4935E-875D-4EAC-A7EE-838315224099}.Debug|Any CPU.ActiveCfg = Debug|Any CPU
		{D4F4935E-875D-4EAC-A7EE-838315224099}.Debug|Any CPU.Build.0 = Debug|Any CPU
		{D4F4935E-875D-4EAC-A7EE-838315224099}.Debug|x64.ActiveCfg = Debug|Any CPU
		{D4F4935E-875D-4EAC-A7EE-838315224099}.Debug|x64.Build.0 = Debug|Any CPU
		{D4F4935E-875D-4EAC-A7EE-838315224099}.Debug|x86.ActiveCfg = Debug|Any CPU
		{D4F4935E-875D-4EAC-A7EE-838315224099}.Debug|x86.Build.0 = Debug|Any CPU
		{D4F4935E-875D-4EAC-A7EE-838315224099}.Release|Any CPU.ActiveCfg = Release|Any CPU
		{D4F4935E-875D-4EAC-A7EE-838315224099}.Release|Any CPU.Build.0 = Release|Any CPU
		{D4F4935E-875D-4EAC-A7EE-838315224099}.Release|x64.ActiveCfg = Release|Any CPU
		{D4F4935E-875D-4EAC-A7EE-838315224099}.Release|x64.Build.0 = Release|Any CPU
		{D4F4935E-875D-4EAC-A7EE-838315224099}.Release|x86.ActiveCfg = Release|Any CPU
		{D4F4935E-875D-4EAC-A7EE-838315224099}.Release|x86.Build.0 = Release|Any CPU
		{65BEF839-B11E-4ECF-8F2F-D8C65B905A35}.Debug|Any CPU.ActiveCfg = Debug|Any CPU
		{65BEF839-B11E-4ECF-8F2F-D8C65B905A35}.Debug|Any CPU.Build.0 = Debug|Any CPU
		{65BEF839-B11E-4ECF-8F2F-D8C65B905A35}.Debug|x64.ActiveCfg = Debug|Any CPU
		{65BEF839-B11E-4ECF-8F2F-D8C65B905A35}.Debug|x64.Build.0 = Debug|Any CPU
		{65BEF839-B11E-4ECF-8F2F-D8C65B905A35}.Debug|x86.ActiveCfg = Debug|Any CPU
		{65BEF839-B11E-4ECF-8F2F-D8C65B905A35}.Debug|x86.Build.0 = Debug|Any CPU
		{65BEF839-B11E-4ECF-8F2F-D8C65B905A35}.Release|Any CPU.ActiveCfg = Release|Any CPU
		{65BEF839-B11E-4ECF-8F2F-D8C65B905A35}.Release|Any CPU.Build.0 = Release|Any CPU
		{65BEF839-B11E-4ECF-8F2F-D8C65B905A35}.Release|x64.ActiveCfg = Release|Any CPU
		{65BEF839-B11E-4ECF-8F2F-D8C65B905A35}.Release|x64.Build.0 = Release|Any CPU
		{65BEF839-B11E-4ECF-8F2F-D8C65B905A35}.Release|x86.ActiveCfg = Release|Any CPU
		{65BEF839-B11E-4ECF-8F2F-D8C65B905A35}.Release|x86.Build.0 = Release|Any CPU
	EndGlobalSection
EndGlobal
